
Microsoft Visual Studio Solution File, Format Version 12.00
# Visual Studio Version 17
VisualStudioVersion = 17.12.35728.132
MinimumVisualStudioVersion = 10.0.40219.1
Project("{FAE04EC0-301F-11D3-BF4B-00C04F79EFBC}") = "DAL004", "DAL004\DAL004.csproj", "{EF062333-0B31-4C48-B893-9B1E29A021C3}"
EndProject
Project("{FAE04EC0-301F-11D3-BF4B-00C04F79EFBC}") = "Test_DAL004", "Test_DAL004\Test_DAL004.csproj", "{EB15934D-F46B-4C36-87C4-04EA7F64B93D}"
EndProject
Project("{FAE04EC0-301F-11D3-BF4B-00C04F79EFBC}") = "ASPA004_1", "ASPA004_1\ASPA004_1.csproj", "{F837311D-A574-4DB6-8660-22552902BB37}"
EndProject
Project("{FAE04EC0-301F-11D3-BF4B-00C04F79EFBC}") = "ASPA004_2", "ASPA004_2\ASPA004_2.csproj", "{64140ED8-05A4-40CF-982A-53F976B2D9D3}"
EndProject
Project("{FAE04EC0-301F-11D3-BF4B-00C04F79EFBC}") = "ASPA004_3", "ASPA004_3\ASPA004_3.csproj", "{F08F55E3-9DA1-48CF-A473-BA0A52123418}"
EndProject
Project("{FAE04EC0-301F-11D3-BF4B-00C04F79EFBC}") = "ASPA005_1", "ASPA005_1\ASPA005_1.csproj", "{3446602F-38CC-4ADB-AA31-511EC86218A6}"
EndProject
Project("{FAE04EC0-301F-11D3-BF4B-00C04F79EFBC}") = "ASPA005_2", "ASPA005_2\ASPA005_2.csproj", "{86F8A5CE-F576-487A-9D2D-390B2FF97D1B}"
EndProject
Project("{FAE04EC0-301F-11D3-BF4B-00C04F79EFBC}") = "ASPA005_3", "ASPA005_3\ASPA005_3.csproj", "{18B13EF0-C46E-4745-A2CF-8F4FB6A62F76}"
EndProject
Project("{FAE04EC0-301F-11D3-BF4B-00C04F79EFBC}") = "Test_ASPA005_3", "Test_ASPA005_3\Test_ASPA005_3.csproj", "{443443C5-A4EE-4E7B-9255-7F854BBFFFBA}"
EndProject
Global
	GlobalSection(SolutionConfigurationPlatforms) = preSolution
		Debug|Any CPU = Debug|Any CPU
		Release|Any CPU = Release|Any CPU
	EndGlobalSection
	GlobalSection(ProjectConfigurationPlatforms) = postSolution
		{EF062333-0B31-4C48-B893-9B1E29A021C3}.Debug|Any CPU.ActiveCfg = Debug|Any CPU
		{EF062333-0B31-4C48-B893-9B1E29A021C3}.Debug|Any CPU.Build.0 = Debug|Any CPU
		{EF062333-0B31-4C48-B893-9B1E29A021C3}.Release|Any CPU.ActiveCfg = Release|Any CPU
		{EF062333-0B31-4C48-B893-9B1E29A021C3}.Release|Any CPU.Build.0 = Release|Any CPU
		{EB15934D-F46B-4C36-87C4-04EA7F64B93D}.Debug|Any CPU.ActiveCfg = Debug|Any CPU
		{EB15934D-F46B-4C36-87C4-04EA7F64B93D}.Debug|Any CPU.Build.0 = Debug|Any CPU
		{EB15934D-F46B-4C36-87C4-04EA7F64B93D}.Release|Any CPU.ActiveCfg = Release|Any CPU
		{EB15934D-F46B-4C36-87C4-04EA7F64B93D}.Release|Any CPU.Build.0 = Release|Any CPU
		{F837311D-A574-4DB6-8660-22552902BB37}.Debug|Any CPU.ActiveCfg = Debug|Any CPU
		{F837311D-A574-4DB6-8660-22552902BB37}.Debug|Any CPU.Build.0 = Debug|Any CPU
		{F837311D-A574-4DB6-8660-22552902BB37}.Release|Any CPU.ActiveCfg = Release|Any CPU
		{F837311D-A574-4DB6-8660-22552902BB37}.Release|Any CPU.Build.0 = Release|Any CPU
		{64140ED8-05A4-40CF-982A-53F976B2D9D3}.Debug|Any CPU.ActiveCfg = Debug|Any CPU
		{64140ED8-05A4-40CF-982A-53F976B2D9D3}.Debug|Any CPU.Build.0 = Debug|Any CPU
		{64140ED8-05A4-40CF-982A-53F976B2D9D3}.Release|Any CPU.ActiveCfg = Release|Any CPU
		{64140ED8-05A4-40CF-982A-53F976B2D9D3}.Release|Any CPU.Build.0 = Release|Any CPU
		{F08F55E3-9DA1-48CF-A473-BA0A52123418}.Debug|Any CPU.ActiveCfg = Debug|Any CPU
		{F08F55E3-9DA1-48CF-A473-BA0A52123418}.Debug|Any CPU.Build.0 = Debug|Any CPU
		{F08F55E3-9DA1-48CF-A473-BA0A52123418}.Release|Any CPU.ActiveCfg = Release|Any CPU
		{F08F55E3-9DA1-48CF-A473-BA0A52123418}.Release|Any CPU.Build.0 = Release|Any CPU
		{3446602F-38CC-4ADB-AA31-511EC86218A6}.Debug|Any CPU.ActiveCfg = Debug|Any CPU
		{3446602F-38CC-4ADB-AA31-511EC86218A6}.Debug|Any CPU.Build.0 = Debug|Any CPU
		{3446602F-38CC-4ADB-AA31-511EC86218A6}.Release|Any CPU.ActiveCfg = Release|Any CPU
		{3446602F-38CC-4ADB-AA31-511EC86218A6}.Release|Any CPU.Build.0 = Release|Any CPU
		{86F8A5CE-F576-487A-9D2D-390B2FF97D1B}.Debug|Any CPU.ActiveCfg = Debug|Any CPU
		{86F8A5CE-F576-487A-9D2D-390B2FF97D1B}.Debug|Any CPU.Build.0 = Debug|Any CPU
		{86F8A5CE-F576-487A-9D2D-390B2FF97D1B}.Release|Any CPU.ActiveCfg = Release|Any CPU
		{86F8A5CE-F576-487A-9D2D-390B2FF97D1B}.Release|Any CPU.Build.0 = Release|Any CPU
		{18B13EF0-C46E-4745-A2CF-8F4FB6A62F76}.Debug|Any CPU.ActiveCfg = Debug|Any CPU
		{18B13EF0-C46E-4745-A2CF-8F4FB6A62F76}.Debug|Any CPU.Build.0 = Debug|Any CPU
		{18B13EF0-C46E-4745-A2CF-8F4FB6A62F76}.Release|Any CPU.ActiveCfg = Release|Any CPU
		{18B13EF0-C46E-4745-A2CF-8F4FB6A62F76}.Release|Any CPU.Build.0 = Release|Any CPU
		{443443C5-A4EE-4E7B-9255-7F854BBFFFBA}.Debug|Any CPU.ActiveCfg = Debug|Any CPU
		{443443C5-A4EE-4E7B-9255-7F854BBFFFBA}.Debug|Any CPU.Build.0 = Debug|Any CPU
		{443443C5-A4EE-4E7B-9255-7F854BBFFFBA}.Release|Any CPU.ActiveCfg = Release|Any CPU
		{443443C5-A4EE-4E7B-9255-7F854BBFFFBA}.Release|Any CPU.Build.0 = Release|Any CPU
	EndGlobalSection
	GlobalSection(SolutionProperties) = preSolution
		HideSolutionNode = FALSE
	EndGlobalSection
EndGlobal
