
Microsoft Visual Studio Solution File, Format Version 12.00
# Visual Studio Version 17
VisualStudioVersion = 17.13.35828.75
MinimumVisualStudioVersion = 10.0.40219.1
Project("{FAE04EC0-301F-11D3-BF4B-00C04F79EFBC}") = "DAL_Celebrity", "..\DAL_Celebrity\DAL_Celebrity.csproj", "{87067930-7871-4917-A781-543286CE28BB}"
EndProject
Project("{FAE04EC0-301F-11D3-BF4B-00C04F79EFBC}") = "DAL_Celebrity_MSSQL", "DAL_Celebrity_MSSQL\DAL_Celebrity_MSSQL.csproj", "{0EBF3302-68DF-4987-AF18-37DA7FDE9F10}"
EndProject
Project("{FAE04EC0-301F-11D3-BF4B-00C04F79EFBC}") = "DAL_Celebrity_MSSQL_Test", "DAL_Celebrity_MSSQL_Test\DAL_Celebrity_MSSQL_Test.csproj", "{FA456266-AE8B-440F-9EF7-6596E38229B1}"
EndProject
Project("{FAE04EC0-301F-11D3-BF4B-00C04F79EFBC}") = "LBR_08", "LBR_08\LBR_08.csproj", "{1FD5D3B7-B636-4F44-A8C5-1E306547FB07}"
EndProject
Global
	GlobalSection(SolutionConfigurationPlatforms) = preSolution
		Debug|Any CPU = Debug|Any CPU
		Release|Any CPU = Release|Any CPU
	EndGlobalSection
	GlobalSection(ProjectConfigurationPlatforms) = postSolution
		{87067930-7871-4917-A781-543286CE28BB}.Debug|Any CPU.ActiveCfg = Debug|Any CPU
		{87067930-7871-4917-A781-543286CE28BB}.Debug|Any CPU.Build.0 = Debug|Any CPU
		{87067930-7871-4917-A781-543286CE28BB}.Release|Any CPU.ActiveCfg = Release|Any CPU
		{87067930-7871-4917-A781-543286CE28BB}.Release|Any CPU.Build.0 = Release|Any CPU
		{0EBF3302-68DF-4987-AF18-37DA7FDE9F10}.Debug|Any CPU.ActiveCfg = Debug|Any CPU
		{0EBF3302-68DF-4987-AF18-37DA7FDE9F10}.Debug|Any CPU.Build.0 = Debug|Any CPU
		{0EBF3302-68DF-4987-AF18-37DA7FDE9F10}.Release|Any CPU.ActiveCfg = Release|Any CPU
		{0EBF3302-68DF-4987-AF18-37DA7FDE9F10}.Release|Any CPU.Build.0 = Release|Any CPU
		{FA456266-AE8B-440F-9EF7-6596E38229B1}.Debug|Any CPU.ActiveCfg = Debug|Any CPU
		{FA456266-AE8B-440F-9EF7-6596E38229B1}.Debug|Any CPU.Build.0 = Debug|Any CPU
		{FA456266-AE8B-440F-9EF7-6596E38229B1}.Release|Any CPU.ActiveCfg = Release|Any CPU
		{FA456266-AE8B-440F-9EF7-6596E38229B1}.Release|Any CPU.Build.0 = Release|Any CPU
		{1FD5D3B7-B636-4F44-A8C5-1E306547FB07}.Debug|Any CPU.ActiveCfg = Debug|Any CPU
		{1FD5D3B7-B636-4F44-A8C5-1E306547FB07}.Debug|Any CPU.Build.0 = Debug|Any CPU
		{1FD5D3B7-B636-4F44-A8C5-1E306547FB07}.Release|Any CPU.ActiveCfg = Release|Any CPU
		{1FD5D3B7-B636-4F44-A8C5-1E306547FB07}.Release|Any CPU.Build.0 = Release|Any CPU
	EndGlobalSection
	GlobalSection(SolutionProperties) = preSolution
		HideSolutionNode = FALSE
	EndGlobalSection
	GlobalSection(ExtensibilityGlobals) = postSolution
		SolutionGuid = {CADD740E-9108-421F-9EDE-3D58212DDB4B}
	EndGlobalSection
EndGlobal
