
Microsoft Visual Studio Solution File, Format Version 12.00
# Visual Studio Version 17
VisualStudioVersion = 17.12.35707.178
MinimumVisualStudioVersion = 10.0.40219.1
Project("{FAE04EC0-301F-11D3-BF4B-00C04F79EFBC}") = "laba3_lib", "laba3_lib\laba3_lib.csproj", "{73F00D5C-863D-4383-B302-F30DB5347F2C}"
EndProject
Project("{FAE04EC0-301F-11D3-BF4B-00C04F79EFBC}") = "laba3_lib2", "laba3_lib2\laba3_lib2.csproj", "{448F4BA8-0C80-48CA-B80E-0013B2C988B5}"
EndProject
Project("{FAE04EC0-301F-11D3-BF4B-00C04F79EFBC}") = "test_MSSQL", "test_MSSQL\test_MSSQL.csproj", "{FA229E82-DA4C-43F0-A513-48AA1BEAF5B7}"
EndProject
Project("{FAE04EC0-301F-11D3-BF4B-00C04F79EFBC}") = "laba4_asp", "laba4_asp\laba4_asp.csproj", "{83C861F5-96B3-4C81-B8DD-60A9628E847E}"
EndProject
Global
	GlobalSection(SolutionConfigurationPlatforms) = preSolution
		Debug|Any CPU = Debug|Any CPU
		Release|Any CPU = Release|Any CPU
	EndGlobalSection
	GlobalSection(ProjectConfigurationPlatforms) = postSolution
		{73F00D5C-863D-4383-B302-F30DB5347F2C}.Debug|Any CPU.ActiveCfg = Debug|Any CPU
		{73F00D5C-863D-4383-B302-F30DB5347F2C}.Debug|Any CPU.Build.0 = Debug|Any CPU
		{73F00D5C-863D-4383-B302-F30DB5347F2C}.Release|Any CPU.ActiveCfg = Release|Any CPU
		{73F00D5C-863D-4383-B302-F30DB5347F2C}.Release|Any CPU.Build.0 = Release|Any CPU
		{448F4BA8-0C80-48CA-B80E-0013B2C988B5}.Debug|Any CPU.ActiveCfg = Debug|Any CPU
		{448F4BA8-0C80-48CA-B80E-0013B2C988B5}.Debug|Any CPU.Build.0 = Debug|Any CPU
		{448F4BA8-0C80-48CA-B80E-0013B2C988B5}.Release|Any CPU.ActiveCfg = Release|Any CPU
		{448F4BA8-0C80-48CA-B80E-0013B2C988B5}.Release|Any CPU.Build.0 = Release|Any CPU
		{FA229E82-DA4C-43F0-A513-48AA1BEAF5B7}.Debug|Any CPU.ActiveCfg = Debug|Any CPU
		{FA229E82-DA4C-43F0-A513-48AA1BEAF5B7}.Debug|Any CPU.Build.0 = Debug|Any CPU
		{FA229E82-DA4C-43F0-A513-48AA1BEAF5B7}.Release|Any CPU.ActiveCfg = Release|Any CPU
		{FA229E82-DA4C-43F0-A513-48AA1BEAF5B7}.Release|Any CPU.Build.0 = Release|Any CPU
		{83C861F5-96B3-4C81-B8DD-60A9628E847E}.Debug|Any CPU.ActiveCfg = Debug|Any CPU
		{83C861F5-96B3-4C81-B8DD-60A9628E847E}.Debug|Any CPU.Build.0 = Debug|Any CPU
		{83C861F5-96B3-4C81-B8DD-60A9628E847E}.Release|Any CPU.ActiveCfg = Release|Any CPU
		{83C861F5-96B3-4C81-B8DD-60A9628E847E}.Release|Any CPU.Build.0 = Release|Any CPU
	EndGlobalSection
	GlobalSection(SolutionProperties) = preSolution
		HideSolutionNode = FALSE
	EndGlobalSection
EndGlobal
